
Microsoft Visual Studio Solution File, Format Version 12.00
# Visual Studio Version 17
VisualStudioVersion = 17.14.36414.22 d17.14
MinimumVisualStudioVersion = 10.0.40219.1
Project("{FAE04EC0-301F-11D3-BF4B-00C04F79EFBC}") = "1050080006-LyCuong-Tuan8", "1050080006-LyCuong-Tuan8\1050080006-LyCuong-Tuan8.csproj", "{881BE9CF-722B-4C15-8D21-CF0FCF1164D7}"
EndProject
Global
	GlobalSection(SolutionConfigurationPlatforms) = preSolution
		Debug|Any CPU = Debug|Any CPU
		Release|Any CPU = Release|Any CPU
	EndGlobalSection
	GlobalSection(ProjectConfigurationPlatforms) = postSolution
		{881BE9CF-722B-4C15-8D21-CF0FCF1164D7}.Debug|Any CPU.ActiveCfg = Debug|Any CPU
		{881BE9CF-722B-4C15-8D21-CF0FCF1164D7}.Debug|Any CPU.Build.0 = Debug|Any CPU
		{881BE9CF-722B-4C15-8D21-CF0FCF1164D7}.Release|Any CPU.ActiveCfg = Release|Any CPU
		{881BE9CF-722B-4C15-8D21-CF0FCF1164D7}.Release|Any CPU.Build.0 = Release|Any CPU
	EndGlobalSection
	GlobalSection(SolutionProperties) = preSolution
		HideSolutionNode = FALSE
	EndGlobalSection
	GlobalSection(ExtensibilityGlobals) = postSolution
		SolutionGuid = {97FDDED4-3751-4BBB-A72E-600616B7492C}
	EndGlobalSection
EndGlobal
